<?xml version="1.0" encoding="utf-8"?>
<Project ToolsVersion="4.0" xmlns="http://schemas.microsoft.com/developer/msbuild/2003">
  <ItemGroup>
    <Filter Include="Source">
      <UniqueIdentifier>{317c5278-9103-495c-9539-26b98c76390f}</UniqueIdentifier>
      <Extensions>.c;.cpp</Extensions>
    </Filter>
    <Filter Include="Include">
      <UniqueIdentifier>{5f4ed03b-659f-4d42-b0e3-6aac66dacb35}</UniqueIdentifier>
      <Extensions>.h</Extensions>
    </Filter>
    <Filter Include="Resources">
      <UniqueIdentifier>{0f8219b2-a82c-4a69-a5de-817d16931b02}</UniqueIdentifier>
      <Extensions>.rc</Extensions>
    </Filter>
  </ItemGroup>
  <ItemGroup>
    <ClCompile Include="..\common\dcs_firm.cpp">
      <Filter>Source</Filter>
    </ClCompile>
    <ClCompile Include="kodakbinfw.cpp">
      <Filter>Source</Filter>
    </ClCompile>
    <ClCompile Include="..\common\dcs_common.cpp">
      <Filter>Source</Filter>
    </ClCompile>
  </ItemGroup>
  <ItemGroup>
    <ClInclude Include="..\common\dcs_firm.h">
      <Filter>Include</Filter>
    </ClInclude>
    <ClInclude Include="resource.h" />
    <ClInclude Include="..\common\dcs_common.h">
      <Filter>Include</Filter>
    </ClInclude>
  </ItemGroup>
  <ItemGroup>
    <ResourceCompile Include="kodakbinfw.rc">
      <Filter>Resources</Filter>
    </ResourceCompile>
  </ItemGroup>
  <ItemGroup>
    <None Include="kodakbinfw.def" />
  </ItemGroup>
</Project>