<?xml version="1.0" encoding="utf-8"?>
<Project ToolsVersion="4.0" xmlns="http://schemas.microsoft.com/developer/msbuild/2003">
  <ItemGroup>
    <Filter Include="Source Files">
      <UniqueIdentifier>{31850efa-5ac9-4f6c-89a6-1274a329b2b9}</UniqueIdentifier>
      <Extensions>cpp;c;cxx;rc;def;r;odl;idl;hpj;bat</Extensions>
    </Filter>
    <Filter Include="Header Files">
      <UniqueIdentifier>{cc5f5d14-2486-4608-8da3-42f789352542}</UniqueIdentifier>
      <Extensions>h;hpp;hxx;hm;inl</Extensions>
    </Filter>
    <Filter Include="Resource Files">
      <UniqueIdentifier>{c887ed14-d41f-4c4f-9133-d0173697188a}</UniqueIdentifier>
      <Extensions>ico;cur;bmp;dlg;rc2;rct;bin;rgs;gif;jpg;jpeg;jpe</Extensions>
    </Filter>
  </ItemGroup>
  <ItemGroup>
    <ClCompile Include="ana.cpp">
      <Filter>Source Files</Filter>
    </ClCompile>
    <ClCompile Include="emu.cpp">
      <Filter>Source Files</Filter>
    </ClCompile>
    <ClCompile Include="ins.cpp">
      <Filter>Source Files</Filter>
    </ClCompile>
    <ClCompile Include="out.cpp">
      <Filter>Source Files</Filter>
    </ClCompile>
    <ClCompile Include="reg.cpp">
      <Filter>Source Files</Filter>
    </ClCompile>
  </ItemGroup>
  <ItemGroup>
    <ClInclude Include="ins.hpp">
      <Filter>Header Files</Filter>
    </ClInclude>
    <ClInclude Include="tms6.hpp">
      <Filter>Header Files</Filter>
    </ClInclude>
  </ItemGroup>
</Project>