
Microsoft Visual Studio Solution File, Format Version 12.00
# Visual Studio 15
VisualStudioVersion = 15.0.27130.2024
MinimumVisualStudioVersion = 10.0.40219.1
Project("{8BC9CEB8-8B4A-11D0-8D11-00A0C91BC942}") = "ifutils", "ifutils.vcxproj", "{95EC42C7-85E0-4644-B4B1-ABC5377CF0CC}"
EndProject
Global
	GlobalSection(SolutionConfigurationPlatforms) = preSolution
		Debug|Win32 = Debug|Win32
		Release|Win32 = Release|Win32
	EndGlobalSection
	GlobalSection(ProjectConfigurationPlatforms) = postSolution
		{95EC42C7-85E0-4644-B4B1-ABC5377CF0CC}.Debug|Win32.ActiveCfg = Debug|Win32
		{95EC42C7-85E0-4644-B4B1-ABC5377CF0CC}.Debug|Win32.Build.0 = Debug|Win32
		{95EC42C7-85E0-4644-B4B1-ABC5377CF0CC}.Release|Win32.ActiveCfg = Release|Win32
		{95EC42C7-85E0-4644-B4B1-ABC5377CF0CC}.Release|Win32.Build.0 = Release|Win32
	EndGlobalSection
	GlobalSection(SolutionProperties) = preSolution
		HideSolutionNode = FALSE
	EndGlobalSection
	GlobalSection(ExtensibilityGlobals) = postSolution
		SolutionGuid = {9F1F9C20-89F7-41A1-936C-F17EC80A6C8F}
	EndGlobalSection
EndGlobal
